
Microsoft Visual Studio Solution File, Format Version 12.00
# Visual Studio Version 17
VisualStudioVersion = 17.8.34322.80
MinimumVisualStudioVersion = 10.0.40219.1
Project("{FAE04EC0-301F-11D3-BF4B-00C04F79EFBC}") = "RPGConsoleGame", "RPGConsoleGame\RPGConsoleGame.csproj", "{5C7987CD-935A-4A98-A31E-6802D572F8F6}"
EndProject
Global
	GlobalSection(SolutionConfigurationPlatforms) = preSolution
		Debug|Any CPU = Debug|Any CPU
		Release|Any CPU = Release|Any CPU
	EndGlobalSection
	GlobalSection(ProjectConfigurationPlatforms) = postSolution
		{5C7987CD-935A-4A98-A31E-6802D572F8F6}.Debug|Any CPU.ActiveCfg = Debug|Any CPU
		{5C7987CD-935A-4A98-A31E-6802D572F8F6}.Debug|Any CPU.Build.0 = Debug|Any CPU
		{5C7987CD-935A-4A98-A31E-6802D572F8F6}.Release|Any CPU.ActiveCfg = Release|Any CPU
		{5C7987CD-935A-4A98-A31E-6802D572F8F6}.Release|Any CPU.Build.0 = Release|Any CPU
	EndGlobalSection
	GlobalSection(SolutionProperties) = preSolution
		HideSolutionNode = FALSE
	EndGlobalSection
	GlobalSection(ExtensibilityGlobals) = postSolution
		SolutionGuid = {EEA1E770-0A38-4E5E-97A6-FDB0C7359C56}
	EndGlobalSection
EndGlobal
