
Microsoft Visual Studio Solution File, Format Version 12.00
# Visual Studio Version 17
VisualStudioVersion = 17.8.34322.80
MinimumVisualStudioVersion = 10.0.40219.1
Project("{FAE04EC0-301F-11D3-BF4B-00C04F79EFBC}") = "InheritanceUnityTask", "InheritanceUnityTask\InheritanceUnityTask.csproj", "{6FB3AD67-8790-4C93-9A15-03D1753C1FCC}"
EndProject
Global
	GlobalSection(SolutionConfigurationPlatforms) = preSolution
		Debug|Any CPU = Debug|Any CPU
		Release|Any CPU = Release|Any CPU
	EndGlobalSection
	GlobalSection(ProjectConfigurationPlatforms) = postSolution
		{6FB3AD67-8790-4C93-9A15-03D1753C1FCC}.Debug|Any CPU.ActiveCfg = Debug|Any CPU
		{6FB3AD67-8790-4C93-9A15-03D1753C1FCC}.Debug|Any CPU.Build.0 = Debug|Any CPU
		{6FB3AD67-8790-4C93-9A15-03D1753C1FCC}.Release|Any CPU.ActiveCfg = Release|Any CPU
		{6FB3AD67-8790-4C93-9A15-03D1753C1FCC}.Release|Any CPU.Build.0 = Release|Any CPU
	EndGlobalSection
	GlobalSection(SolutionProperties) = preSolution
		HideSolutionNode = FALSE
	EndGlobalSection
	GlobalSection(ExtensibilityGlobals) = postSolution
		SolutionGuid = {73031FBD-C022-4477-8930-4C402BD60DDE}
	EndGlobalSection
EndGlobal
