
Microsoft Visual Studio Solution File, Format Version 12.00
# Visual Studio Version 17
VisualStudioVersion = 17.8.34322.80
MinimumVisualStudioVersion = 10.0.40219.1
Project("{FAE04EC0-301F-11D3-BF4B-00C04F79EFBC}") = "Template4KT", "Template4KT\Template4KT.csproj", "{D7CA19F0-6166-4844-B7D2-B3A8CDC1843C}"
EndProject
Global
	GlobalSection(SolutionConfigurationPlatforms) = preSolution
		Debug|Any CPU = Debug|Any CPU
		Release|Any CPU = Release|Any CPU
	EndGlobalSection
	GlobalSection(ProjectConfigurationPlatforms) = postSolution
		{D7CA19F0-6166-4844-B7D2-B3A8CDC1843C}.Debug|Any CPU.ActiveCfg = Debug|Any CPU
		{D7CA19F0-6166-4844-B7D2-B3A8CDC1843C}.Debug|Any CPU.Build.0 = Debug|Any CPU
		{D7CA19F0-6166-4844-B7D2-B3A8CDC1843C}.Release|Any CPU.ActiveCfg = Release|Any CPU
		{D7CA19F0-6166-4844-B7D2-B3A8CDC1843C}.Release|Any CPU.Build.0 = Release|Any CPU
	EndGlobalSection
	GlobalSection(SolutionProperties) = preSolution
		HideSolutionNode = FALSE
	EndGlobalSection
	GlobalSection(ExtensibilityGlobals) = postSolution
		SolutionGuid = {1A1255EC-7793-43B7-846F-76E5F062341C}
	EndGlobalSection
EndGlobal
