
Microsoft Visual Studio Solution File, Format Version 12.00
# Visual Studio Version 17
VisualStudioVersion = 17.8.34322.80
MinimumVisualStudioVersion = 10.0.40219.1
Project("{FAE04EC0-301F-11D3-BF4B-00C04F79EFBC}") = "UltimatePatternKT", "UltimatePatternKT\UltimatePatternKT.csproj", "{C0104199-3AA9-4AF1-8897-1475A9FC2596}"
EndProject
Global
	GlobalSection(SolutionConfigurationPlatforms) = preSolution
		Debug|Any CPU = Debug|Any CPU
		Release|Any CPU = Release|Any CPU
	EndGlobalSection
	GlobalSection(ProjectConfigurationPlatforms) = postSolution
		{C0104199-3AA9-4AF1-8897-1475A9FC2596}.Debug|Any CPU.ActiveCfg = Debug|Any CPU
		{C0104199-3AA9-4AF1-8897-1475A9FC2596}.Debug|Any CPU.Build.0 = Debug|Any CPU
		{C0104199-3AA9-4AF1-8897-1475A9FC2596}.Release|Any CPU.ActiveCfg = Release|Any CPU
		{C0104199-3AA9-4AF1-8897-1475A9FC2596}.Release|Any CPU.Build.0 = Release|Any CPU
	EndGlobalSection
	GlobalSection(SolutionProperties) = preSolution
		HideSolutionNode = FALSE
	EndGlobalSection
	GlobalSection(ExtensibilityGlobals) = postSolution
		SolutionGuid = {876042B4-8513-4B7A-9D2E-714A95345776}
	EndGlobalSection
EndGlobal
