
Microsoft Visual Studio Solution File, Format Version 12.00
# Visual Studio Version 17
VisualStudioVersion = 17.8.34322.80
MinimumVisualStudioVersion = 10.0.40219.1
Project("{FAE04EC0-301F-11D3-BF4B-00C04F79EFBC}") = "Template6KT", "Template6KT\Template6KT.csproj", "{5BE23C11-7845-4034-9058-D8942157921F}"
EndProject
Global
	GlobalSection(SolutionConfigurationPlatforms) = preSolution
		Debug|Any CPU = Debug|Any CPU
		Release|Any CPU = Release|Any CPU
	EndGlobalSection
	GlobalSection(ProjectConfigurationPlatforms) = postSolution
		{5BE23C11-7845-4034-9058-D8942157921F}.Debug|Any CPU.ActiveCfg = Debug|Any CPU
		{5BE23C11-7845-4034-9058-D8942157921F}.Debug|Any CPU.Build.0 = Debug|Any CPU
		{5BE23C11-7845-4034-9058-D8942157921F}.Release|Any CPU.ActiveCfg = Release|Any CPU
		{5BE23C11-7845-4034-9058-D8942157921F}.Release|Any CPU.Build.0 = Release|Any CPU
	EndGlobalSection
	GlobalSection(SolutionProperties) = preSolution
		HideSolutionNode = FALSE
	EndGlobalSection
	GlobalSection(ExtensibilityGlobals) = postSolution
		SolutionGuid = {05AC0637-BB3F-4061-B6A5-A8E893F48655}
	EndGlobalSection
EndGlobal
