
Microsoft Visual Studio Solution File, Format Version 12.00
# Visual Studio Version 17
VisualStudioVersion = 17.8.34322.80
MinimumVisualStudioVersion = 10.0.40219.1
Project("{FAE04EC0-301F-11D3-BF4B-00C04F79EFBC}") = "BoxingUnboxingObjectingStuff", "BoxingUnboxingObjectingStuff\BoxingUnboxingObjectingStuff.csproj", "{A86CB089-A48B-4787-B528-BB2ABACE3166}"
EndProject
Global
	GlobalSection(SolutionConfigurationPlatforms) = preSolution
		Debug|Any CPU = Debug|Any CPU
		Release|Any CPU = Release|Any CPU
	EndGlobalSection
	GlobalSection(ProjectConfigurationPlatforms) = postSolution
		{A86CB089-A48B-4787-B528-BB2ABACE3166}.Debug|Any CPU.ActiveCfg = Debug|Any CPU
		{A86CB089-A48B-4787-B528-BB2ABACE3166}.Debug|Any CPU.Build.0 = Debug|Any CPU
		{A86CB089-A48B-4787-B528-BB2ABACE3166}.Release|Any CPU.ActiveCfg = Release|Any CPU
		{A86CB089-A48B-4787-B528-BB2ABACE3166}.Release|Any CPU.Build.0 = Release|Any CPU
	EndGlobalSection
	GlobalSection(SolutionProperties) = preSolution
		HideSolutionNode = FALSE
	EndGlobalSection
	GlobalSection(ExtensibilityGlobals) = postSolution
		SolutionGuid = {69326EBE-FD39-4567-BFBE-457E7C928453}
	EndGlobalSection
EndGlobal
